
Microsoft Visual Studio Solution File, Format Version 12.00
# Visual Studio Version 16
VisualStudioVersion = 16.0.34031.81
MinimumVisualStudioVersion = 10.0.40219.1
Project("{2150E333-8FDC-42A3-9474-1A3956D46DE8}") = "Task0", "Task0", "{2310C177-C4CD-4050-9BA6-46C28067AD25}"
EndProject
Project("{FAE04EC0-301F-11D3-BF4B-00C04F79EFBC}") = "Tyuiu.MedvedevKA.Sprint5.Task0.V9", "Tyuiu.MedvedevKA.Sprint5.Task0.V9\Tyuiu.MedvedevKA.Sprint5.Task0.V9.csproj", "{BD33A9E4-6A10-4623-985C-2EE179674F23}"
EndProject
Project("{FAE04EC0-301F-11D3-BF4B-00C04F79EFBC}") = "Tyuiu.MedvedevKA.Sprint5.Task0.V9.Lib", "Tyuiu.MedvedevKA.Sprint5.Task0.V9.Lib\Tyuiu.MedvedevKA.Sprint5.Task0.V9.Lib.csproj", "{0662125F-BA56-4ADF-AF9A-0668BFFF81DB}"
EndProject
Project("{FAE04EC0-301F-11D3-BF4B-00C04F79EFBC}") = "Tyuiu.MedvedevKA.Sprint5.Task0.V9.Test", "Tyuiu.MedvedevKA.Sprint5.Task0.V9.Test\Tyuiu.MedvedevKA.Sprint5.Task0.V9.Test.csproj", "{80BB8A23-9AE4-4AB3-B4B5-8D6F93BA0B7A}"
EndProject
Project("{2150E333-8FDC-42A3-9474-1A3956D46DE8}") = "Task1", "Task1", "{B779D2F6-E5AC-405B-8680-495604E93C6D}"
EndProject
Project("{FAE04EC0-301F-11D3-BF4B-00C04F79EFBC}") = "Tyuiu.MedvedevKA.Sprint5.Task1.V25", "Tyuiu.MedvedevKA.Sprint5.Task1.V25\Tyuiu.MedvedevKA.Sprint5.Task1.V25.csproj", "{F07676E8-FE9A-40C1-BE31-693BCE53B34E}"
EndProject
Project("{FAE04EC0-301F-11D3-BF4B-00C04F79EFBC}") = "Tyuiu.MedvedevKA.Sprint5.Task1.V25.Lib", "Tyuiu.MedvedevKA.Sprint5.Task1.V25.Lib\Tyuiu.MedvedevKA.Sprint5.Task1.V25.Lib.csproj", "{4922EFFB-054A-4834-90F5-862383F1770B}"
EndProject
Project("{FAE04EC0-301F-11D3-BF4B-00C04F79EFBC}") = "Tyuiu.MedvedevKA.Sprint5.Task1.V25.Test", "Tyuiu.MedvedevKA.Sprint5.Task1.V25.Test\Tyuiu.MedvedevKA.Sprint5.Task1.V25.Test.csproj", "{7ABC8178-EF4D-40B2-9B2F-40743E5FDD01}"
EndProject
Project("{2150E333-8FDC-42A3-9474-1A3956D46DE8}") = "Task2", "Task2", "{B6402B40-B7F3-4CD1-8EAF-8F7356E0E362}"
EndProject
Project("{FAE04EC0-301F-11D3-BF4B-00C04F79EFBC}") = "Tyuiu.MedvedevKA.Sprint5.Task2.V26", "Tyuiu.MedvedevKA.Sprint5.Task2.V26\Tyuiu.MedvedevKA.Sprint5.Task2.V26.csproj", "{45B8B7A0-7B26-4554-9D05-E09C861BF7FC}"
EndProject
Project("{FAE04EC0-301F-11D3-BF4B-00C04F79EFBC}") = "Tyuiu.MedvedevKA.Sprint5.Task2.V26.Lib", "Tyuiu.MedvedevKA.Sprint5.Task2.V26.Lib\Tyuiu.MedvedevKA.Sprint5.Task2.V26.Lib.csproj", "{CB68915B-A324-4430-AB9C-D330DE626904}"
EndProject
Project("{FAE04EC0-301F-11D3-BF4B-00C04F79EFBC}") = "Tyuiu.MedvedevKA.Sprint5.Task2.V26.Test", "Tyuiu.MedvedevKA.Sprint5.Task2.V26.Test\Tyuiu.MedvedevKA.Sprint5.Task2.V26.Test.csproj", "{ECD0EBC1-8C3C-48DB-BCB6-1D715A5FFBB3}"
EndProject
Project("{2150E333-8FDC-42A3-9474-1A3956D46DE8}") = "Task3", "Task3", "{05466F79-A0DA-4F79-9BB0-22F28B40A9CD}"
EndProject
Project("{FAE04EC0-301F-11D3-BF4B-00C04F79EFBC}") = "Tyuiu.MedvedevKA.Sprint5.Task3.V21", "Tyuiu.MedvedevKA.Sprint5.Task3.V21\Tyuiu.MedvedevKA.Sprint5.Task3.V21.csproj", "{90C2FED4-2914-4903-90F3-673BE1DFEEB4}"
EndProject
Project("{FAE04EC0-301F-11D3-BF4B-00C04F79EFBC}") = "Tyuiu.MedvedevKA.Sprint5.Task3.V21.Lib", "Tyuiu.MedvedevKA.Sprint5.Task3.V21.Lib\Tyuiu.MedvedevKA.Sprint5.Task3.V21.Lib.csproj", "{0248B955-E847-45E5-B152-70D324EACBA3}"
EndProject
Project("{FAE04EC0-301F-11D3-BF4B-00C04F79EFBC}") = "Tyuiu.MedvedevKA.Sprint5.Task3.V21.Test", "Tyuiu.MedvedevKA.Sprint5.Task3.V21.Test\Tyuiu.MedvedevKA.Sprint5.Task3.V21.Test.csproj", "{41628849-1513-4C06-B6F1-49F0F6585181}"
EndProject
Project("{2150E333-8FDC-42A3-9474-1A3956D46DE8}") = "Task4", "Task4", "{29D583B8-8DAA-4E67-8DE7-E6B63A0BC95D}"
EndProject
Project("{FAE04EC0-301F-11D3-BF4B-00C04F79EFBC}") = "Tyuiu.MedvedevKA.Sprint5.Task4.V8", "Tyuiu.MedvedevKA.Sprint5.Task4.V8\Tyuiu.MedvedevKA.Sprint5.Task4.V8.csproj", "{D088B8C7-E624-4EC9-86DF-EF63E84E5DF7}"
EndProject
Project("{FAE04EC0-301F-11D3-BF4B-00C04F79EFBC}") = "Tyuiu.MedvedevKA.Sprint5.Task4.V8.Lib", "Tyuiu.MedvedevKA.Sprint5.Task4.V8.Lib\Tyuiu.MedvedevKA.Sprint5.Task4.V8.Lib.csproj", "{9398FB04-246D-4D8C-A07E-E2AE9B251130}"
EndProject
Project("{FAE04EC0-301F-11D3-BF4B-00C04F79EFBC}") = "Tyuiu.MedvedevKA.Sprint5.Task4.V8.Test", "Tyuiu.MedvedevKA.Sprint5.Task4.V8.Test\Tyuiu.MedvedevKA.Sprint5.Task4.V8.Test.csproj", "{7028BD4C-7A41-4AE1-A2A2-7F08F17ED42C}"
EndProject
Project("{2150E333-8FDC-42A3-9474-1A3956D46DE8}") = "Task5", "Task5", "{A860BF06-9AB2-4F2A-ADAD-77E8577241D5}"
EndProject
Project("{FAE04EC0-301F-11D3-BF4B-00C04F79EFBC}") = "Tyuiu.MedvedevKA.Sprint5.Task5.V26", "Tyuiu.MedvedevKA.Sprint5.Task5.V26\Tyuiu.MedvedevKA.Sprint5.Task5.V26.csproj", "{A971117D-5327-4DB1-BB98-F835AF70B0F6}"
EndProject
Project("{FAE04EC0-301F-11D3-BF4B-00C04F79EFBC}") = "Tyuiu.MedvedevKA.Sprint5.Task5.V26.Lib", "Tyuiu.MedvedevKA.Sprint5.Task5.V26.Lib\Tyuiu.MedvedevKA.Sprint5.Task5.V26.Lib.csproj", "{49815B3C-6729-4713-9145-E369ECF72446}"
EndProject
Project("{FAE04EC0-301F-11D3-BF4B-00C04F79EFBC}") = "Tyuiu.MedvedevKA.Sprint5.Task5.V26.Test", "Tyuiu.MedvedevKA.Sprint5.Task5.V26.Test\Tyuiu.MedvedevKA.Sprint5.Task5.V26.Test.csproj", "{3AC7F903-AF4D-4427-BE73-F3A1475DEC48}"
EndProject
Global
	GlobalSection(SolutionConfigurationPlatforms) = preSolution
		Debug|Any CPU = Debug|Any CPU
		Release|Any CPU = Release|Any CPU
	EndGlobalSection
	GlobalSection(ProjectConfigurationPlatforms) = postSolution
		{BD33A9E4-6A10-4623-985C-2EE179674F23}.Debug|Any CPU.ActiveCfg = Debug|Any CPU
		{BD33A9E4-6A10-4623-985C-2EE179674F23}.Debug|Any CPU.Build.0 = Debug|Any CPU
		{BD33A9E4-6A10-4623-985C-2EE179674F23}.Release|Any CPU.ActiveCfg = Release|Any CPU
		{BD33A9E4-6A10-4623-985C-2EE179674F23}.Release|Any CPU.Build.0 = Release|Any CPU
		{0662125F-BA56-4ADF-AF9A-0668BFFF81DB}.Debug|Any CPU.ActiveCfg = Debug|Any CPU
		{0662125F-BA56-4ADF-AF9A-0668BFFF81DB}.Debug|Any CPU.Build.0 = Debug|Any CPU
		{0662125F-BA56-4ADF-AF9A-0668BFFF81DB}.Release|Any CPU.ActiveCfg = Release|Any CPU
		{0662125F-BA56-4ADF-AF9A-0668BFFF81DB}.Release|Any CPU.Build.0 = Release|Any CPU
		{80BB8A23-9AE4-4AB3-B4B5-8D6F93BA0B7A}.Debug|Any CPU.ActiveCfg = Debug|Any CPU
		{80BB8A23-9AE4-4AB3-B4B5-8D6F93BA0B7A}.Debug|Any CPU.Build.0 = Debug|Any CPU
		{80BB8A23-9AE4-4AB3-B4B5-8D6F93BA0B7A}.Release|Any CPU.ActiveCfg = Release|Any CPU
		{80BB8A23-9AE4-4AB3-B4B5-8D6F93BA0B7A}.Release|Any CPU.Build.0 = Release|Any CPU
		{F07676E8-FE9A-40C1-BE31-693BCE53B34E}.Debug|Any CPU.ActiveCfg = Debug|Any CPU
		{F07676E8-FE9A-40C1-BE31-693BCE53B34E}.Debug|Any CPU.Build.0 = Debug|Any CPU
		{F07676E8-FE9A-40C1-BE31-693BCE53B34E}.Release|Any CPU.ActiveCfg = Release|Any CPU
		{F07676E8-FE9A-40C1-BE31-693BCE53B34E}.Release|Any CPU.Build.0 = Release|Any CPU
		{4922EFFB-054A-4834-90F5-862383F1770B}.Debug|Any CPU.ActiveCfg = Debug|Any CPU
		{4922EFFB-054A-4834-90F5-862383F1770B}.Debug|Any CPU.Build.0 = Debug|Any CPU
		{4922EFFB-054A-4834-90F5-862383F1770B}.Release|Any CPU.ActiveCfg = Release|Any CPU
		{4922EFFB-054A-4834-90F5-862383F1770B}.Release|Any CPU.Build.0 = Release|Any CPU
		{7ABC8178-EF4D-40B2-9B2F-40743E5FDD01}.Debug|Any CPU.ActiveCfg = Debug|Any CPU
		{7ABC8178-EF4D-40B2-9B2F-40743E5FDD01}.Debug|Any CPU.Build.0 = Debug|Any CPU
		{7ABC8178-EF4D-40B2-9B2F-40743E5FDD01}.Release|Any CPU.ActiveCfg = Release|Any CPU
		{7ABC8178-EF4D-40B2-9B2F-40743E5FDD01}.Release|Any CPU.Build.0 = Release|Any CPU
		{45B8B7A0-7B26-4554-9D05-E09C861BF7FC}.Debug|Any CPU.ActiveCfg = Debug|Any CPU
		{45B8B7A0-7B26-4554-9D05-E09C861BF7FC}.Debug|Any CPU.Build.0 = Debug|Any CPU
		{45B8B7A0-7B26-4554-9D05-E09C861BF7FC}.Release|Any CPU.ActiveCfg = Release|Any CPU
		{45B8B7A0-7B26-4554-9D05-E09C861BF7FC}.Release|Any CPU.Build.0 = Release|Any CPU
		{CB68915B-A324-4430-AB9C-D330DE626904}.Debug|Any CPU.ActiveCfg = Debug|Any CPU
		{CB68915B-A324-4430-AB9C-D330DE626904}.Debug|Any CPU.Build.0 = Debug|Any CPU
		{CB68915B-A324-4430-AB9C-D330DE626904}.Release|Any CPU.ActiveCfg = Release|Any CPU
		{CB68915B-A324-4430-AB9C-D330DE626904}.Release|Any CPU.Build.0 = Release|Any CPU
		{ECD0EBC1-8C3C-48DB-BCB6-1D715A5FFBB3}.Debug|Any CPU.ActiveCfg = Debug|Any CPU
		{ECD0EBC1-8C3C-48DB-BCB6-1D715A5FFBB3}.Debug|Any CPU.Build.0 = Debug|Any CPU
		{ECD0EBC1-8C3C-48DB-BCB6-1D715A5FFBB3}.Release|Any CPU.ActiveCfg = Release|Any CPU
		{ECD0EBC1-8C3C-48DB-BCB6-1D715A5FFBB3}.Release|Any CPU.Build.0 = Release|Any CPU
		{90C2FED4-2914-4903-90F3-673BE1DFEEB4}.Debug|Any CPU.ActiveCfg = Debug|Any CPU
		{90C2FED4-2914-4903-90F3-673BE1DFEEB4}.Debug|Any CPU.Build.0 = Debug|Any CPU
		{90C2FED4-2914-4903-90F3-673BE1DFEEB4}.Release|Any CPU.ActiveCfg = Release|Any CPU
		{90C2FED4-2914-4903-90F3-673BE1DFEEB4}.Release|Any CPU.Build.0 = Release|Any CPU
		{0248B955-E847-45E5-B152-70D324EACBA3}.Debug|Any CPU.ActiveCfg = Debug|Any CPU
		{0248B955-E847-45E5-B152-70D324EACBA3}.Debug|Any CPU.Build.0 = Debug|Any CPU
		{0248B955-E847-45E5-B152-70D324EACBA3}.Release|Any CPU.ActiveCfg = Release|Any CPU
		{0248B955-E847-45E5-B152-70D324EACBA3}.Release|Any CPU.Build.0 = Release|Any CPU
		{41628849-1513-4C06-B6F1-49F0F6585181}.Debug|Any CPU.ActiveCfg = Debug|Any CPU
		{41628849-1513-4C06-B6F1-49F0F6585181}.Debug|Any CPU.Build.0 = Debug|Any CPU
		{41628849-1513-4C06-B6F1-49F0F6585181}.Release|Any CPU.ActiveCfg = Release|Any CPU
		{41628849-1513-4C06-B6F1-49F0F6585181}.Release|Any CPU.Build.0 = Release|Any CPU
		{D088B8C7-E624-4EC9-86DF-EF63E84E5DF7}.Debug|Any CPU.ActiveCfg = Debug|Any CPU
		{D088B8C7-E624-4EC9-86DF-EF63E84E5DF7}.Debug|Any CPU.Build.0 = Debug|Any CPU
		{D088B8C7-E624-4EC9-86DF-EF63E84E5DF7}.Release|Any CPU.ActiveCfg = Release|Any CPU
		{D088B8C7-E624-4EC9-86DF-EF63E84E5DF7}.Release|Any CPU.Build.0 = Release|Any CPU
		{9398FB04-246D-4D8C-A07E-E2AE9B251130}.Debug|Any CPU.ActiveCfg = Debug|Any CPU
		{9398FB04-246D-4D8C-A07E-E2AE9B251130}.Debug|Any CPU.Build.0 = Debug|Any CPU
		{9398FB04-246D-4D8C-A07E-E2AE9B251130}.Release|Any CPU.ActiveCfg = Release|Any CPU
		{9398FB04-246D-4D8C-A07E-E2AE9B251130}.Release|Any CPU.Build.0 = Release|Any CPU
		{7028BD4C-7A41-4AE1-A2A2-7F08F17ED42C}.Debug|Any CPU.ActiveCfg = Debug|Any CPU
		{7028BD4C-7A41-4AE1-A2A2-7F08F17ED42C}.Debug|Any CPU.Build.0 = Debug|Any CPU
		{7028BD4C-7A41-4AE1-A2A2-7F08F17ED42C}.Release|Any CPU.ActiveCfg = Release|Any CPU
		{7028BD4C-7A41-4AE1-A2A2-7F08F17ED42C}.Release|Any CPU.Build.0 = Release|Any CPU
		{A971117D-5327-4DB1-BB98-F835AF70B0F6}.Debug|Any CPU.ActiveCfg = Debug|Any CPU
		{A971117D-5327-4DB1-BB98-F835AF70B0F6}.Debug|Any CPU.Build.0 = Debug|Any CPU
		{A971117D-5327-4DB1-BB98-F835AF70B0F6}.Release|Any CPU.ActiveCfg = Release|Any CPU
		{A971117D-5327-4DB1-BB98-F835AF70B0F6}.Release|Any CPU.Build.0 = Release|Any CPU
		{49815B3C-6729-4713-9145-E369ECF72446}.Debug|Any CPU.ActiveCfg = Debug|Any CPU
		{49815B3C-6729-4713-9145-E369ECF72446}.Debug|Any CPU.Build.0 = Debug|Any CPU
		{49815B3C-6729-4713-9145-E369ECF72446}.Release|Any CPU.ActiveCfg = Release|Any CPU
		{49815B3C-6729-4713-9145-E369ECF72446}.Release|Any CPU.Build.0 = Release|Any CPU
		{3AC7F903-AF4D-4427-BE73-F3A1475DEC48}.Debug|Any CPU.ActiveCfg = Debug|Any CPU
		{3AC7F903-AF4D-4427-BE73-F3A1475DEC48}.Debug|Any CPU.Build.0 = Debug|Any CPU
		{3AC7F903-AF4D-4427-BE73-F3A1475DEC48}.Release|Any CPU.ActiveCfg = Release|Any CPU
		{3AC7F903-AF4D-4427-BE73-F3A1475DEC48}.Release|Any CPU.Build.0 = Release|Any CPU
	EndGlobalSection
	GlobalSection(SolutionProperties) = preSolution
		HideSolutionNode = FALSE
	EndGlobalSection
	GlobalSection(NestedProjects) = preSolution
		{BD33A9E4-6A10-4623-985C-2EE179674F23} = {2310C177-C4CD-4050-9BA6-46C28067AD25}
		{0662125F-BA56-4ADF-AF9A-0668BFFF81DB} = {2310C177-C4CD-4050-9BA6-46C28067AD25}
		{80BB8A23-9AE4-4AB3-B4B5-8D6F93BA0B7A} = {2310C177-C4CD-4050-9BA6-46C28067AD25}
		{F07676E8-FE9A-40C1-BE31-693BCE53B34E} = {B779D2F6-E5AC-405B-8680-495604E93C6D}
		{4922EFFB-054A-4834-90F5-862383F1770B} = {B779D2F6-E5AC-405B-8680-495604E93C6D}
		{7ABC8178-EF4D-40B2-9B2F-40743E5FDD01} = {B779D2F6-E5AC-405B-8680-495604E93C6D}
		{45B8B7A0-7B26-4554-9D05-E09C861BF7FC} = {B6402B40-B7F3-4CD1-8EAF-8F7356E0E362}
		{CB68915B-A324-4430-AB9C-D330DE626904} = {B6402B40-B7F3-4CD1-8EAF-8F7356E0E362}
		{ECD0EBC1-8C3C-48DB-BCB6-1D715A5FFBB3} = {B6402B40-B7F3-4CD1-8EAF-8F7356E0E362}
		{90C2FED4-2914-4903-90F3-673BE1DFEEB4} = {05466F79-A0DA-4F79-9BB0-22F28B40A9CD}
		{0248B955-E847-45E5-B152-70D324EACBA3} = {05466F79-A0DA-4F79-9BB0-22F28B40A9CD}
		{41628849-1513-4C06-B6F1-49F0F6585181} = {05466F79-A0DA-4F79-9BB0-22F28B40A9CD}
		{D088B8C7-E624-4EC9-86DF-EF63E84E5DF7} = {29D583B8-8DAA-4E67-8DE7-E6B63A0BC95D}
		{9398FB04-246D-4D8C-A07E-E2AE9B251130} = {29D583B8-8DAA-4E67-8DE7-E6B63A0BC95D}
		{7028BD4C-7A41-4AE1-A2A2-7F08F17ED42C} = {29D583B8-8DAA-4E67-8DE7-E6B63A0BC95D}
		{A971117D-5327-4DB1-BB98-F835AF70B0F6} = {A860BF06-9AB2-4F2A-ADAD-77E8577241D5}
		{49815B3C-6729-4713-9145-E369ECF72446} = {A860BF06-9AB2-4F2A-ADAD-77E8577241D5}
		{3AC7F903-AF4D-4427-BE73-F3A1475DEC48} = {A860BF06-9AB2-4F2A-ADAD-77E8577241D5}
	EndGlobalSection
	GlobalSection(ExtensibilityGlobals) = postSolution
		SolutionGuid = {C8555656-864B-41BF-A6D2-2F4BA608615C}
	EndGlobalSection
EndGlobal
